// !$*UTF8*$!
{
	archiveVersion = 1;
	classes = {
	};
	objectVersion = 46;
	objects = {

/* Begin PBXBuildFile section */
		38EEBFB61590F41F00367FEA /* CircleView.m in Sources */ = {isa = PBXBuildFile; fileRef = 38EEBFB51590F41F00367FEA /* CircleView.m */; };
		51451CCC15C0830200E4C555 /* Default-Portrait.png in Resources */ = {isa = PBXBuildFile; fileRef = 51451CCB15C0830200E4C555 /* Default-Portrait.png */; };
		C301ABD1150B12B700272284 /* QuartzCore.framework in Frameworks */ = {isa = PBXBuildFile; fileRef = C301ABD0150B12B700272284 /* QuartzCore.framework */; };
		C310A8D115011447003BF6B7 /* UIKit.framework in Frameworks */ = {isa = PBXBuildFile; fileRef = C310A8D015011447003BF6B7 /* UIKit.framework */; };
		C310A8D315011447003BF6B7 /* Foundation.framework in Frameworks */ = {isa = PBXBuildFile; fileRef = C310A8D215011447003BF6B7 /* Foundation.framework */; };
		C310A8D515011447003BF6B7 /* CoreGraphics.framework in Frameworks */ = {isa = PBXBuildFile; fileRef = C310A8D415011447003BF6B7 /* CoreGraphics.framework */; };
		C310A8DB15011447003BF6B7 /* InfoPlist.strings in Resources */ = {isa = PBXBuildFile; fileRef = C310A8D915011447003BF6B7 /* InfoPlist.strings */; };
		C310A8DD15011447003BF6B7 /* main.m in Sources */ = {isa = PBXBuildFile; fileRef = C310A8DC15011447003BF6B7 /* main.m */; };
		C310A8E115011447003BF6B7 /* AppDelegate.m in Sources */ = {isa = PBXBuildFile; fileRef = C310A8E015011447003BF6B7 /* AppDelegate.m */; };
		C310A8E415011447003BF6B7 /* MainStoryboard.storyboard in Resources */ = {isa = PBXBuildFile; fileRef = C310A8E215011447003BF6B7 /* MainStoryboard.storyboard */; };
		C310A8E715011447003BF6B7 /* ViewController.m in Sources */ = {isa = PBXBuildFile; fileRef = C310A8E615011447003BF6B7 /* ViewController.m */; };
		C310A8EF15011503003BF6B7 /* QuadrantView.m in Sources */ = {isa = PBXBuildFile; fileRef = C310A8EE15011503003BF6B7 /* QuadrantView.m */; };
		C3500CE415B59BD9006465C5 /* Quadrant.m in Sources */ = {isa = PBXBuildFile; fileRef = C3500CE315B59BD9006465C5 /* Quadrant.m */; };
		C3500CE915B5ADB8006465C5 /* Radar.m in Sources */ = {isa = PBXBuildFile; fileRef = C3500CE815B5ADB8006465C5 /* Radar.m */; };
		C3500CEB15B5B8A3006465C5 /* radar.json in Resources */ = {isa = PBXBuildFile; fileRef = C3500CEA15B5B8A3006465C5 /* radar.json */; };
		C3500CEE15B5C6E7006465C5 /* Item.m in Sources */ = {isa = PBXBuildFile; fileRef = C3500CED15B5C6E7006465C5 /* Item.m */; };
		C366E08815BD1729006209B3 /* RadarItemDetailViewController.m in Sources */ = {isa = PBXBuildFile; fileRef = C366E08615BD1729006209B3 /* RadarItemDetailViewController.m */; };
		C366E08915BD1729006209B3 /* RadarItemDetailViewController.xib in Resources */ = {isa = PBXBuildFile; fileRef = C366E08715BD1729006209B3 /* RadarItemDetailViewController.xib */; };
		C3760268151CC66D00D26B46 /* NSObject+SBJson.m in Sources */ = {isa = PBXBuildFile; fileRef = C3760250151CC66D00D26B46 /* NSObject+SBJson.m */; };
		C3760269151CC66D00D26B46 /* SBJsonParser.m in Sources */ = {isa = PBXBuildFile; fileRef = C3760253151CC66D00D26B46 /* SBJsonParser.m */; };
		C376026A151CC66D00D26B46 /* SBJsonStreamParser.m in Sources */ = {isa = PBXBuildFile; fileRef = C3760255151CC66D00D26B46 /* SBJsonStreamParser.m */; };
		C376026B151CC66D00D26B46 /* SBJsonStreamParserAccumulator.m in Sources */ = {isa = PBXBuildFile; fileRef = C3760257151CC66D00D26B46 /* SBJsonStreamParserAccumulator.m */; };
		C376026C151CC66D00D26B46 /* SBJsonStreamParserAdapter.m in Sources */ = {isa = PBXBuildFile; fileRef = C3760259151CC66D00D26B46 /* SBJsonStreamParserAdapter.m */; };
		C376026D151CC66D00D26B46 /* SBJsonStreamParserState.m in Sources */ = {isa = PBXBuildFile; fileRef = C376025B151CC66D00D26B46 /* SBJsonStreamParserState.m */; };
		C376026E151CC66D00D26B46 /* SBJsonStreamWriter.m in Sources */ = {isa = PBXBuildFile; fileRef = C376025D151CC66D00D26B46 /* SBJsonStreamWriter.m */; };
		C376026F151CC66D00D26B46 /* SBJsonStreamWriterAccumulator.m in Sources */ = {isa = PBXBuildFile; fileRef = C376025F151CC66D00D26B46 /* SBJsonStreamWriterAccumulator.m */; };
		C3760270151CC66D00D26B46 /* SBJsonStreamWriterState.m in Sources */ = {isa = PBXBuildFile; fileRef = C3760261151CC66D00D26B46 /* SBJsonStreamWriterState.m */; };
		C3760271151CC66D00D26B46 /* SBJsonTokeniser.m in Sources */ = {isa = PBXBuildFile; fileRef = C3760263151CC66D00D26B46 /* SBJsonTokeniser.m */; };
		C3760272151CC66D00D26B46 /* SBJsonUTF8Stream.m in Sources */ = {isa = PBXBuildFile; fileRef = C3760265151CC66D00D26B46 /* SBJsonUTF8Stream.m */; };
		C3760273151CC66D00D26B46 /* SBJsonWriter.m in Sources */ = {isa = PBXBuildFile; fileRef = C3760267151CC66D00D26B46 /* SBJsonWriter.m */; };
		C3BCFF311590D9A600502AD2 /* icon.png in Resources */ = {isa = PBXBuildFile; fileRef = C3BCFF301590D9A600502AD2 /* icon.png */; };
		C3DFC2E815B712A2005DE04B /* AppConstants.m in Sources */ = {isa = PBXBuildFile; fileRef = C3DFC2E715B712A2005DE04B /* AppConstants.m */; };
		C3DFC2EB15B7C5FD005DE04B /* ItemView.m in Sources */ = {isa = PBXBuildFile; fileRef = C3DFC2EA15B7C5FD005DE04B /* ItemView.m */; };
		C3E0ACEE159E2FEF00F051C9 /* TriangleView.m in Sources */ = {isa = PBXBuildFile; fileRef = C3E0ACED159E2FEF00F051C9 /* TriangleView.m */; };
		C3E982DF15C063E200FD0DD3 /* t.png in Resources */ = {isa = PBXBuildFile; fileRef = C3E982DE15C063E200FD0DD3 /* t.png */; };
		C3E982E115C063EA00FD0DD3 /* c.png in Resources */ = {isa = PBXBuildFile; fileRef = C3E982E015C063EA00FD0DD3 /* c.png */; };
		C3E982E615C06DF300FD0DD3 /* DashboardViewController.m in Sources */ = {isa = PBXBuildFile; fileRef = C3E982E515C06DF300FD0DD3 /* DashboardViewController.m */; };
		C3E982F615C09DD100FD0DD3 /* AboutRadarController.m in Sources */ = {isa = PBXBuildFile; fileRef = C3E982F515C09DD100FD0DD3 /* AboutRadarController.m */; };
		C3FB838D15C83B38008C08CC /* ACMagnifyingView.m in Sources */ = {isa = PBXBuildFile; fileRef = C3FB838715C83B36008C08CC /* ACMagnifyingView.m */; };
		C3FB838E15C83B38008C08CC /* ACMagnifyingGlass.m in Sources */ = {isa = PBXBuildFile; fileRef = C3FB838915C83B37008C08CC /* ACMagnifyingGlass.m */; };
		C3FB838F15C83B38008C08CC /* ACLoupe.m in Sources */ = {isa = PBXBuildFile; fileRef = C3FB838B15C83B37008C08CC /* ACLoupe.m */; };
		C3FB839115C83B41008C08CC /* kb-loupe-hi.png in Resources */ = {isa = PBXBuildFile; fileRef = C3FB839015C83B40008C08CC /* kb-loupe-hi.png */; };
/* End PBXBuildFile section */

/* Begin PBXFileReference section */
		38EEBFB41590F41F00367FEA /* CircleView.h */ = {isa = PBXFileReference; fileEncoding = 4; lastKnownFileType = sourcecode.c.h; name = CircleView.h; path = TechRadar/CircleView.h; sourceTree = "<group>"; };
		38EEBFB51590F41F00367FEA /* CircleView.m */ = {isa = PBXFileReference; fileEncoding = 4; lastKnownFileType = sourcecode.c.objc; name = CircleView.m; path = TechRadar/CircleView.m; sourceTree = "<group>"; };
		51451CCB15C0830200E4C555 /* Default-Portrait.png */ = {isa = PBXFileReference; lastKnownFileType = image.png; path = "Default-Portrait.png"; sourceTree = "<group>"; };
		C301ABD0150B12B700272284 /* QuartzCore.framework */ = {isa = PBXFileReference; lastKnownFileType = wrapper.framework; name = QuartzCore.framework; path = System/Library/Frameworks/QuartzCore.framework; sourceTree = SDKROOT; };
		C310A8CC15011447003BF6B7 /* TechRadar.app */ = {isa = PBXFileReference; explicitFileType = wrapper.application; includeInIndex = 0; path = TechRadar.app; sourceTree = BUILT_PRODUCTS_DIR; };
		C310A8D015011447003BF6B7 /* UIKit.framework */ = {isa = PBXFileReference; lastKnownFileType = wrapper.framework; name = UIKit.framework; path = System/Library/Frameworks/UIKit.framework; sourceTree = SDKROOT; };
		C310A8D215011447003BF6B7 /* Foundation.framework */ = {isa = PBXFileReference; lastKnownFileType = wrapper.framework; name = Foundation.framework; path = System/Library/Frameworks/Foundation.framework; sourceTree = SDKROOT; };
		C310A8D415011447003BF6B7 /* CoreGraphics.framework */ = {isa = PBXFileReference; lastKnownFileType = wrapper.framework; name = CoreGraphics.framework; path = System/Library/Frameworks/CoreGraphics.framework; sourceTree = SDKROOT; };
		C310A8D815011447003BF6B7 /* TechRadar-Info.plist */ = {isa = PBXFileReference; lastKnownFileType = text.plist.xml; path = "TechRadar-Info.plist"; sourceTree = "<group>"; };
		C310A8DA15011447003BF6B7 /* en */ = {isa = PBXFileReference; lastKnownFileType = text.plist.strings; name = en; path = en.lproj/InfoPlist.strings; sourceTree = "<group>"; };
		C310A8DC15011447003BF6B7 /* main.m */ = {isa = PBXFileReference; lastKnownFileType = sourcecode.c.objc; path = main.m; sourceTree = "<group>"; };
		C310A8DE15011447003BF6B7 /* TechRadar-Prefix.pch */ = {isa = PBXFileReference; lastKnownFileType = sourcecode.c.h; path = "TechRadar-Prefix.pch"; sourceTree = "<group>"; };
		C310A8DF15011447003BF6B7 /* AppDelegate.h */ = {isa = PBXFileReference; lastKnownFileType = sourcecode.c.h; path = AppDelegate.h; sourceTree = "<group>"; };
		C310A8E015011447003BF6B7 /* AppDelegate.m */ = {isa = PBXFileReference; lastKnownFileType = sourcecode.c.objc; path = AppDelegate.m; sourceTree = "<group>"; };
		C310A8E315011447003BF6B7 /* en */ = {isa = PBXFileReference; lastKnownFileType = file.storyboard; name = en; path = en.lproj/MainStoryboard.storyboard; sourceTree = "<group>"; };
		C310A8E515011447003BF6B7 /* ViewController.h */ = {isa = PBXFileReference; lastKnownFileType = sourcecode.c.h; path = ViewController.h; sourceTree = "<group>"; };
		C310A8E615011447003BF6B7 /* ViewController.m */ = {isa = PBXFileReference; lastKnownFileType = sourcecode.c.objc; path = ViewController.m; sourceTree = "<group>"; };
		C310A8ED15011503003BF6B7 /* QuadrantView.h */ = {isa = PBXFileReference; fileEncoding = 4; lastKnownFileType = sourcecode.c.h; name = QuadrantView.h; path = TechRadar/QuadrantView.h; sourceTree = "<group>"; };
		C310A8EE15011503003BF6B7 /* QuadrantView.m */ = {isa = PBXFileReference; fileEncoding = 4; lastKnownFileType = sourcecode.c.objc; name = QuadrantView.m; path = TechRadar/QuadrantView.m; sourceTree = "<group>"; };
		C3500CE215B59BD9006465C5 /* Quadrant.h */ = {isa = PBXFileReference; fileEncoding = 4; lastKnownFileType = sourcecode.c.h; path = Quadrant.h; sourceTree = "<group>"; };
		C3500CE315B59BD9006465C5 /* Quadrant.m */ = {isa = PBXFileReference; fileEncoding = 4; lastKnownFileType = sourcecode.c.objc; path = Quadrant.m; sourceTree = "<group>"; };
		C3500CE715B5ADB8006465C5 /* Radar.h */ = {isa = PBXFileReference; fileEncoding = 4; lastKnownFileType = sourcecode.c.h; path = Radar.h; sourceTree = "<group>"; };
		C3500CE815B5ADB8006465C5 /* Radar.m */ = {isa = PBXFileReference; fileEncoding = 4; lastKnownFileType = sourcecode.c.objc; path = Radar.m; sourceTree = "<group>"; };
		C3500CEA15B5B8A3006465C5 /* radar.json */ = {isa = PBXFileReference; fileEncoding = 4; lastKnownFileType = text.json; path = radar.json; sourceTree = "<group>"; };
		C3500CEC15B5C6E7006465C5 /* Item.h */ = {isa = PBXFileReference; fileEncoding = 4; lastKnownFileType = sourcecode.c.h; path = Item.h; sourceTree = "<group>"; };
		C3500CED15B5C6E7006465C5 /* Item.m */ = {isa = PBXFileReference; fileEncoding = 4; lastKnownFileType = sourcecode.c.objc; path = Item.m; sourceTree = "<group>"; };
		C366E08515BD1729006209B3 /* RadarItemDetailViewController.h */ = {isa = PBXFileReference; fileEncoding = 4; lastKnownFileType = sourcecode.c.h; path = RadarItemDetailViewController.h; sourceTree = "<group>"; };
		C366E08615BD1729006209B3 /* RadarItemDetailViewController.m */ = {isa = PBXFileReference; fileEncoding = 4; lastKnownFileType = sourcecode.c.objc; path = RadarItemDetailViewController.m; sourceTree = "<group>"; };
		C366E08715BD1729006209B3 /* RadarItemDetailViewController.xib */ = {isa = PBXFileReference; fileEncoding = 4; lastKnownFileType = file.xib; path = RadarItemDetailViewController.xib; sourceTree = "<group>"; };
		C376024F151CC66D00D26B46 /* NSObject+SBJson.h */ = {isa = PBXFileReference; fileEncoding = 4; lastKnownFileType = sourcecode.c.h; path = "NSObject+SBJson.h"; sourceTree = "<group>"; };
		C3760250151CC66D00D26B46 /* NSObject+SBJson.m */ = {isa = PBXFileReference; fileEncoding = 4; lastKnownFileType = sourcecode.c.objc; path = "NSObject+SBJson.m"; sourceTree = "<group>"; };
		C3760251151CC66D00D26B46 /* SBJson.h */ = {isa = PBXFileReference; fileEncoding = 4; lastKnownFileType = sourcecode.c.h; path = SBJson.h; sourceTree = "<group>"; };
		C3760252151CC66D00D26B46 /* SBJsonParser.h */ = {isa = PBXFileReference; fileEncoding = 4; lastKnownFileType = sourcecode.c.h; path = SBJsonParser.h; sourceTree = "<group>"; };
		C3760253151CC66D00D26B46 /* SBJsonParser.m */ = {isa = PBXFileReference; fileEncoding = 4; lastKnownFileType = sourcecode.c.objc; path = SBJsonParser.m; sourceTree = "<group>"; };
		C3760254151CC66D00D26B46 /* SBJsonStreamParser.h */ = {isa = PBXFileReference; fileEncoding = 4; lastKnownFileType = sourcecode.c.h; path = SBJsonStreamParser.h; sourceTree = "<group>"; };
		C3760255151CC66D00D26B46 /* SBJsonStreamParser.m */ = {isa = PBXFileReference; fileEncoding = 4; lastKnownFileType = sourcecode.c.objc; path = SBJsonStreamParser.m; sourceTree = "<group>"; };
		C3760256151CC66D00D26B46 /* SBJsonStreamParserAccumulator.h */ = {isa = PBXFileReference; fileEncoding = 4; lastKnownFileType = sourcecode.c.h; path = SBJsonStreamParserAccumulator.h; sourceTree = "<group>"; };
		C3760257151CC66D00D26B46 /* SBJsonStreamParserAccumulator.m */ = {isa = PBXFileReference; fileEncoding = 4; lastKnownFileType = sourcecode.c.objc; path = SBJsonStreamParserAccumulator.m; sourceTree = "<group>"; };
		C3760258151CC66D00D26B46 /* SBJsonStreamParserAdapter.h */ = {isa = PBXFileReference; fileEncoding = 4; lastKnownFileType = sourcecode.c.h; path = SBJsonStreamParserAdapter.h; sourceTree = "<group>"; };
		C3760259151CC66D00D26B46 /* SBJsonStreamParserAdapter.m */ = {isa = PBXFileReference; fileEncoding = 4; lastKnownFileType = sourcecode.c.objc; path = SBJsonStreamParserAdapter.m; sourceTree = "<group>"; };
		C376025A151CC66D00D26B46 /* SBJsonStreamParserState.h */ = {isa = PBXFileReference; fileEncoding = 4; lastKnownFileType = sourcecode.c.h; path = SBJsonStreamParserState.h; sourceTree = "<group>"; };
		C376025B151CC66D00D26B46 /* SBJsonStreamParserState.m */ = {isa = PBXFileReference; fileEncoding = 4; lastKnownFileType = sourcecode.c.objc; path = SBJsonStreamParserState.m; sourceTree = "<group>"; };
		C376025C151CC66D00D26B46 /* SBJsonStreamWriter.h */ = {isa = PBXFileReference; fileEncoding = 4; lastKnownFileType = sourcecode.c.h; path = SBJsonStreamWriter.h; sourceTree = "<group>"; };
		C376025D151CC66D00D26B46 /* SBJsonStreamWriter.m */ = {isa = PBXFileReference; fileEncoding = 4; lastKnownFileType = sourcecode.c.objc; path = SBJsonStreamWriter.m; sourceTree = "<group>"; };
		C376025E151CC66D00D26B46 /* SBJsonStreamWriterAccumulator.h */ = {isa = PBXFileReference; fileEncoding = 4; lastKnownFileType = sourcecode.c.h; path = SBJsonStreamWriterAccumulator.h; sourceTree = "<group>"; };
		C376025F151CC66D00D26B46 /* SBJsonStreamWriterAccumulator.m */ = {isa = PBXFileReference; fileEncoding = 4; lastKnownFileType = sourcecode.c.objc; path = SBJsonStreamWriterAccumulator.m; sourceTree = "<group>"; };
		C3760260151CC66D00D26B46 /* SBJsonStreamWriterState.h */ = {isa = PBXFileReference; fileEncoding = 4; lastKnownFileType = sourcecode.c.h; path = SBJsonStreamWriterState.h; sourceTree = "<group>"; };
		C3760261151CC66D00D26B46 /* SBJsonStreamWriterState.m */ = {isa = PBXFileReference; fileEncoding = 4; lastKnownFileType = sourcecode.c.objc; path = SBJsonStreamWriterState.m; sourceTree = "<group>"; };
		C3760262151CC66D00D26B46 /* SBJsonTokeniser.h */ = {isa = PBXFileReference; fileEncoding = 4; lastKnownFileType = sourcecode.c.h; path = SBJsonTokeniser.h; sourceTree = "<group>"; };
		C3760263151CC66D00D26B46 /* SBJsonTokeniser.m */ = {isa = PBXFileReference; fileEncoding = 4; lastKnownFileType = sourcecode.c.objc; path = SBJsonTokeniser.m; sourceTree = "<group>"; };
		C3760264151CC66D00D26B46 /* SBJsonUTF8Stream.h */ = {isa = PBXFileReference; fileEncoding = 4; lastKnownFileType = sourcecode.c.h; path = SBJsonUTF8Stream.h; sourceTree = "<group>"; };
		C3760265151CC66D00D26B46 /* SBJsonUTF8Stream.m */ = {isa = PBXFileReference; fileEncoding = 4; lastKnownFileType = sourcecode.c.objc; path = SBJsonUTF8Stream.m; sourceTree = "<group>"; };
		C3760266151CC66D00D26B46 /* SBJsonWriter.h */ = {isa = PBXFileReference; fileEncoding = 4; lastKnownFileType = sourcecode.c.h; path = SBJsonWriter.h; sourceTree = "<group>"; };
		C3760267151CC66D00D26B46 /* SBJsonWriter.m */ = {isa = PBXFileReference; fileEncoding = 4; lastKnownFileType = sourcecode.c.objc; path = SBJsonWriter.m; sourceTree = "<group>"; };
		C3BCFF301590D9A600502AD2 /* icon.png */ = {isa = PBXFileReference; lastKnownFileType = image.png; path = icon.png; sourceTree = "<group>"; };
		C3DFC2E615B712A2005DE04B /* AppConstants.h */ = {isa = PBXFileReference; fileEncoding = 4; lastKnownFileType = sourcecode.c.h; path = AppConstants.h; sourceTree = "<group>"; };
		C3DFC2E715B712A2005DE04B /* AppConstants.m */ = {isa = PBXFileReference; fileEncoding = 4; lastKnownFileType = sourcecode.c.objc; path = AppConstants.m; sourceTree = "<group>"; };
		C3DFC2E915B7C5FC005DE04B /* ItemView.h */ = {isa = PBXFileReference; fileEncoding = 4; lastKnownFileType = sourcecode.c.h; name = ItemView.h; path = TechRadar/ItemView.h; sourceTree = "<group>"; };
		C3DFC2EA15B7C5FD005DE04B /* ItemView.m */ = {isa = PBXFileReference; fileEncoding = 4; lastKnownFileType = sourcecode.c.objc; name = ItemView.m; path = TechRadar/ItemView.m; sourceTree = "<group>"; };
		C3E0ACEC159E2FEF00F051C9 /* TriangleView.h */ = {isa = PBXFileReference; fileEncoding = 4; lastKnownFileType = sourcecode.c.h; name = TriangleView.h; path = TechRadar/TriangleView.h; sourceTree = "<group>"; };
		C3E0ACED159E2FEF00F051C9 /* TriangleView.m */ = {isa = PBXFileReference; fileEncoding = 4; lastKnownFileType = sourcecode.c.objc; name = TriangleView.m; path = TechRadar/TriangleView.m; sourceTree = "<group>"; };
		C3E982DE15C063E200FD0DD3 /* t.png */ = {isa = PBXFileReference; lastKnownFileType = image.png; path = t.png; sourceTree = "<group>"; };
		C3E982E015C063EA00FD0DD3 /* c.png */ = {isa = PBXFileReference; lastKnownFileType = image.png; path = c.png; sourceTree = "<group>"; };
		C3E982E415C06DF300FD0DD3 /* DashboardViewController.h */ = {isa = PBXFileReference; fileEncoding = 4; lastKnownFileType = sourcecode.c.h; path = DashboardViewController.h; sourceTree = "<group>"; };
		C3E982E515C06DF300FD0DD3 /* DashboardViewController.m */ = {isa = PBXFileReference; fileEncoding = 4; lastKnownFileType = sourcecode.c.objc; path = DashboardViewController.m; sourceTree = "<group>"; };
		C3E982F415C09DD000FD0DD3 /* AboutRadarController.h */ = {isa = PBXFileReference; fileEncoding = 4; lastKnownFileType = sourcecode.c.h; path = AboutRadarController.h; sourceTree = "<group>"; };
		C3E982F515C09DD100FD0DD3 /* AboutRadarController.m */ = {isa = PBXFileReference; fileEncoding = 4; lastKnownFileType = sourcecode.c.objc; path = AboutRadarController.m; sourceTree = "<group>"; };
		C3FB838715C83B36008C08CC /* ACMagnifyingView.m */ = {isa = PBXFileReference; fileEncoding = 4; lastKnownFileType = sourcecode.c.objc; path = ACMagnifyingView.m; sourceTree = "<group>"; };
		C3FB838815C83B36008C08CC /* ACMagnifyingView.h */ = {isa = PBXFileReference; fileEncoding = 4; lastKnownFileType = sourcecode.c.h; path = ACMagnifyingView.h; sourceTree = "<group>"; };
		C3FB838915C83B37008C08CC /* ACMagnifyingGlass.m */ = {isa = PBXFileReference; fileEncoding = 4; lastKnownFileType = sourcecode.c.objc; path = ACMagnifyingGlass.m; sourceTree = "<group>"; };
		C3FB838A15C83B37008C08CC /* ACMagnifyingGlass.h */ = {isa = PBXFileReference; fileEncoding = 4; lastKnownFileType = sourcecode.c.h; path = ACMagnifyingGlass.h; sourceTree = "<group>"; };
		C3FB838B15C83B37008C08CC /* ACLoupe.m */ = {isa = PBXFileReference; fileEncoding = 4; lastKnownFileType = sourcecode.c.objc; path = ACLoupe.m; sourceTree = "<group>"; };
		C3FB838C15C83B37008C08CC /* ACLoupe.h */ = {isa = PBXFileReference; fileEncoding = 4; lastKnownFileType = sourcecode.c.h; path = ACLoupe.h; sourceTree = "<group>"; };
		C3FB839015C83B40008C08CC /* kb-loupe-hi.png */ = {isa = PBXFileReference; lastKnownFileType = image.png; path = "kb-loupe-hi.png"; sourceTree = "<group>"; };
/* End PBXFileReference section */

/* Begin PBXFrameworksBuildPhase section */
		C310A8C915011447003BF6B7 /* Frameworks */ = {
			isa = PBXFrameworksBuildPhase;
			buildActionMask = 2147483647;
			files = (
				C301ABD1150B12B700272284 /* QuartzCore.framework in Frameworks */,
				C310A8D115011447003BF6B7 /* UIKit.framework in Frameworks */,
				C310A8D315011447003BF6B7 /* Foundation.framework in Frameworks */,
				C310A8D515011447003BF6B7 /* CoreGraphics.framework in Frameworks */,
			);
			runOnlyForDeploymentPostprocessing = 0;
		};
/* End PBXFrameworksBuildPhase section */

/* Begin PBXGroup section */
		C310A8C115011446003BF6B7 = {
			isa = PBXGroup;
			children = (
				C310A8D615011447003BF6B7 /* TechRadar */,
				C310A8CF15011447003BF6B7 /* Frameworks */,
				C310A8CD15011447003BF6B7 /* Products */,
			);
			sourceTree = "<group>";
		};
		C310A8CD15011447003BF6B7 /* Products */ = {
			isa = PBXGroup;
			children = (
				C310A8CC15011447003BF6B7 /* TechRadar.app */,
			);
			name = Products;
			sourceTree = "<group>";
		};
		C310A8CF15011447003BF6B7 /* Frameworks */ = {
			isa = PBXGroup;
			children = (
				C301ABD0150B12B700272284 /* QuartzCore.framework */,
				C310A8D015011447003BF6B7 /* UIKit.framework */,
				C310A8D215011447003BF6B7 /* Foundation.framework */,
				C310A8D415011447003BF6B7 /* CoreGraphics.framework */,
			);
			name = Frameworks;
			sourceTree = "<group>";
		};
		C310A8D615011447003BF6B7 /* TechRadar */ = {
			isa = PBXGroup;
			children = (
				C3FB839015C83B40008C08CC /* kb-loupe-hi.png */,
				C3FB838715C83B36008C08CC /* ACMagnifyingView.m */,
				C3FB838815C83B36008C08CC /* ACMagnifyingView.h */,
				C3FB838915C83B37008C08CC /* ACMagnifyingGlass.m */,
				C3FB838A15C83B37008C08CC /* ACMagnifyingGlass.h */,
				C3FB838B15C83B37008C08CC /* ACLoupe.m */,
				C3FB838C15C83B37008C08CC /* ACLoupe.h */,
				C3E982E015C063EA00FD0DD3 /* c.png */,
				C3BCFF301590D9A600502AD2 /* icon.png */,
				C3E982DE15C063E200FD0DD3 /* t.png */,
				51451CCB15C0830200E4C555 /* Default-Portrait.png */,
				C310A8E215011447003BF6B7 /* MainStoryboard.storyboard */,
				C366E08715BD1729006209B3 /* RadarItemDetailViewController.xib */,
				C3500CEA15B5B8A3006465C5 /* radar.json */,
				C3500CE615B5AD19006465C5 /* model */,
				C3DFC2EC15B7C862005DE04B /* view */,
				C310A8D715011447003BF6B7 /* Supporting Files */,
				C376024E151CC63700D26B46 /* json-framework */,
				C310A8DF15011447003BF6B7 /* AppDelegate.h */,
				C310A8E015011447003BF6B7 /* AppDelegate.m */,
				C3DFC2E615B712A2005DE04B /* AppConstants.h */,
				C3DFC2E715B712A2005DE04B /* AppConstants.m */,
				C310A8E515011447003BF6B7 /* ViewController.h */,
				C310A8E615011447003BF6B7 /* ViewController.m */,
				C366E08515BD1729006209B3 /* RadarItemDetailViewController.h */,
				C366E08615BD1729006209B3 /* RadarItemDetailViewController.m */,
				C3E982E415C06DF300FD0DD3 /* DashboardViewController.h */,
				C3E982E515C06DF300FD0DD3 /* DashboardViewController.m */,
				C3E982F415C09DD000FD0DD3 /* AboutRadarController.h */,
				C3E982F515C09DD100FD0DD3 /* AboutRadarController.m */,
			);
			path = TechRadar;
			sourceTree = "<group>";
		};
		C310A8D715011447003BF6B7 /* Supporting Files */ = {
			isa = PBXGroup;
			children = (
				C310A8D815011447003BF6B7 /* TechRadar-Info.plist */,
				C310A8D915011447003BF6B7 /* InfoPlist.strings */,
				C310A8DC15011447003BF6B7 /* main.m */,
				C310A8DE15011447003BF6B7 /* TechRadar-Prefix.pch */,
			);
			name = "Supporting Files";
			sourceTree = "<group>";
		};
		C3500CE615B5AD19006465C5 /* model */ = {
			isa = PBXGroup;
			children = (
				C3500CEC15B5C6E7006465C5 /* Item.h */,
				C3500CED15B5C6E7006465C5 /* Item.m */,
				C3500CE715B5ADB8006465C5 /* Radar.h */,
				C3500CE815B5ADB8006465C5 /* Radar.m */,
				C3500CE215B59BD9006465C5 /* Quadrant.h */,
				C3500CE315B59BD9006465C5 /* Quadrant.m */,
			);
			name = model;
			sourceTree = "<group>";
		};
		C376024E151CC63700D26B46 /* json-framework */ = {
			isa = PBXGroup;
			children = (
				C376024F151CC66D00D26B46 /* NSObject+SBJson.h */,
				C3760250151CC66D00D26B46 /* NSObject+SBJson.m */,
				C3760251151CC66D00D26B46 /* SBJson.h */,
				C3760252151CC66D00D26B46 /* SBJsonParser.h */,
				C3760253151CC66D00D26B46 /* SBJsonParser.m */,
				C3760254151CC66D00D26B46 /* SBJsonStreamParser.h */,
				C3760255151CC66D00D26B46 /* SBJsonStreamParser.m */,
				C3760256151CC66D00D26B46 /* SBJsonStreamParserAccumulator.h */,
				C3760257151CC66D00D26B46 /* SBJsonStreamParserAccumulator.m */,
				C3760258151CC66D00D26B46 /* SBJsonStreamParserAdapter.h */,
				C3760259151CC66D00D26B46 /* SBJsonStreamParserAdapter.m */,
				C376025A151CC66D00D26B46 /* SBJsonStreamParserState.h */,
				C376025B151CC66D00D26B46 /* SBJsonStreamParserState.m */,
				C376025C151CC66D00D26B46 /* SBJsonStreamWriter.h */,
				C376025D151CC66D00D26B46 /* SBJsonStreamWriter.m */,
				C376025E151CC66D00D26B46 /* SBJsonStreamWriterAccumulator.h */,
				C376025F151CC66D00D26B46 /* SBJsonStreamWriterAccumulator.m */,
				C3760260151CC66D00D26B46 /* SBJsonStreamWriterState.h */,
				C3760261151CC66D00D26B46 /* SBJsonStreamWriterState.m */,
				C3760262151CC66D00D26B46 /* SBJsonTokeniser.h */,
				C3760263151CC66D00D26B46 /* SBJsonTokeniser.m */,
				C3760264151CC66D00D26B46 /* SBJsonUTF8Stream.h */,
				C3760265151CC66D00D26B46 /* SBJsonUTF8Stream.m */,
				C3760266151CC66D00D26B46 /* SBJsonWriter.h */,
				C3760267151CC66D00D26B46 /* SBJsonWriter.m */,
			);
			name = "json-framework";
			sourceTree = "<group>";
		};
		C3DFC2EC15B7C862005DE04B /* view */ = {
			isa = PBXGroup;
			children = (
				C310A8ED15011503003BF6B7 /* QuadrantView.h */,
				C310A8EE15011503003BF6B7 /* QuadrantView.m */,
				C3DFC2E915B7C5FC005DE04B /* ItemView.h */,
				C3DFC2EA15B7C5FD005DE04B /* ItemView.m */,
				38EEBFB41590F41F00367FEA /* CircleView.h */,
				38EEBFB51590F41F00367FEA /* CircleView.m */,
				C3E0ACEC159E2FEF00F051C9 /* TriangleView.h */,
				C3E0ACED159E2FEF00F051C9 /* TriangleView.m */,
			);
			name = view;
			path = ..;
			sourceTree = "<group>";
		};
/* End PBXGroup section */

/* Begin PBXNativeTarget section */
		C310A8CB15011447003BF6B7 /* TechRadar */ = {
			isa = PBXNativeTarget;
			buildConfigurationList = C310A8EA15011447003BF6B7 /* Build configuration list for PBXNativeTarget "TechRadar" */;
			buildPhases = (
				C310A8C815011447003BF6B7 /* Sources */,
				C310A8C915011447003BF6B7 /* Frameworks */,
				C310A8CA15011447003BF6B7 /* Resources */,
			);
			buildRules = (
			);
			dependencies = (
			);
			name = TechRadar;
			productName = TechRadar;
			productReference = C310A8CC15011447003BF6B7 /* TechRadar.app */;
			productType = "com.apple.product-type.application";
		};
/* End PBXNativeTarget section */

/* Begin PBXProject section */
		C310A8C315011446003BF6B7 /* Project object */ = {
			isa = PBXProject;
			attributes = {
				LastUpgradeCheck = 0420;
				ORGANIZATIONNAME = ThoughtWorks;
			};
			buildConfigurationList = C310A8C615011446003BF6B7 /* Build configuration list for PBXProject "TechRadar" */;
			compatibilityVersion = "Xcode 3.2";
			developmentRegion = English;
			hasScannedForEncodings = 0;
			knownRegions = (
				en,
			);
			mainGroup = C310A8C115011446003BF6B7;
			productRefGroup = C310A8CD15011447003BF6B7 /* Products */;
			projectDirPath = "";
			projectRoot = "";
			targets = (
				C310A8CB15011447003BF6B7 /* TechRadar */,
			);
		};
/* End PBXProject section */

/* Begin PBXResourcesBuildPhase section */
		C310A8CA15011447003BF6B7 /* Resources */ = {
			isa = PBXResourcesBuildPhase;
			buildActionMask = 2147483647;
			files = (
				C310A8DB15011447003BF6B7 /* InfoPlist.strings in Resources */,
				C310A8E415011447003BF6B7 /* MainStoryboard.storyboard in Resources */,
				C3BCFF311590D9A600502AD2 /* icon.png in Resources */,
				C3500CEB15B5B8A3006465C5 /* radar.json in Resources */,
				C366E08915BD1729006209B3 /* RadarItemDetailViewController.xib in Resources */,
				C3E982DF15C063E200FD0DD3 /* t.png in Resources */,
				C3E982E115C063EA00FD0DD3 /* c.png in Resources */,
				51451CCC15C0830200E4C555 /* Default-Portrait.png in Resources */,
				C3FB839115C83B41008C08CC /* kb-loupe-hi.png in Resources */,
			);
			runOnlyForDeploymentPostprocessing = 0;
		};
/* End PBXResourcesBuildPhase section */

/* Begin PBXSourcesBuildPhase section */
		C310A8C815011447003BF6B7 /* Sources */ = {
			isa = PBXSourcesBuildPhase;
			buildActionMask = 2147483647;
			files = (
				C310A8DD15011447003BF6B7 /* main.m in Sources */,
				C310A8E115011447003BF6B7 /* AppDelegate.m in Sources */,
				C310A8E715011447003BF6B7 /* ViewController.m in Sources */,
				C310A8EF15011503003BF6B7 /* QuadrantView.m in Sources */,
				C3760268151CC66D00D26B46 /* NSObject+SBJson.m in Sources */,
				C3760269151CC66D00D26B46 /* SBJsonParser.m in Sources */,
				C376026A151CC66D00D26B46 /* SBJsonStreamParser.m in Sources */,
				C376026B151CC66D00D26B46 /* SBJsonStreamParserAccumulator.m in Sources */,
				C376026C151CC66D00D26B46 /* SBJsonStreamParserAdapter.m in Sources */,
				C376026D151CC66D00D26B46 /* SBJsonStreamParserState.m in Sources */,
				C376026E151CC66D00D26B46 /* SBJsonStreamWriter.m in Sources */,
				C376026F151CC66D00D26B46 /* SBJsonStreamWriterAccumulator.m in Sources */,
				C3760270151CC66D00D26B46 /* SBJsonStreamWriterState.m in Sources */,
				C3760271151CC66D00D26B46 /* SBJsonTokeniser.m in Sources */,
				C3760272151CC66D00D26B46 /* SBJsonUTF8Stream.m in Sources */,
				C3760273151CC66D00D26B46 /* SBJsonWriter.m in Sources */,
				38EEBFB61590F41F00367FEA /* CircleView.m in Sources */,
				C3E0ACEE159E2FEF00F051C9 /* TriangleView.m in Sources */,
				C3500CE415B59BD9006465C5 /* Quadrant.m in Sources */,
				C3500CE915B5ADB8006465C5 /* Radar.m in Sources */,
				C3500CEE15B5C6E7006465C5 /* Item.m in Sources */,
				C3DFC2E815B712A2005DE04B /* AppConstants.m in Sources */,
				C3DFC2EB15B7C5FD005DE04B /* ItemView.m in Sources */,
				C366E08815BD1729006209B3 /* RadarItemDetailViewController.m in Sources */,
				C3E982E615C06DF300FD0DD3 /* DashboardViewController.m in Sources */,
				C3E982F615C09DD100FD0DD3 /* AboutRadarController.m in Sources */,
				C3FB838D15C83B38008C08CC /* ACMagnifyingView.m in Sources */,
				C3FB838E15C83B38008C08CC /* ACMagnifyingGlass.m in Sources */,
				C3FB838F15C83B38008C08CC /* ACLoupe.m in Sources */,
			);
			runOnlyForDeploymentPostprocessing = 0;
		};
/* End PBXSourcesBuildPhase section */

/* Begin PBXVariantGroup section */
		C310A8D915011447003BF6B7 /* InfoPlist.strings */ = {
			isa = PBXVariantGroup;
			children = (
				C310A8DA15011447003BF6B7 /* en */,
			);
			name = InfoPlist.strings;
			sourceTree = "<group>";
		};
		C310A8E215011447003BF6B7 /* MainStoryboard.storyboard */ = {
			isa = PBXVariantGroup;
			children = (
				C310A8E315011447003BF6B7 /* en */,
			);
			name = MainStoryboard.storyboard;
			sourceTree = "<group>";
		};
/* End PBXVariantGroup section */

/* Begin XCBuildConfiguration section */
		C310A8E815011447003BF6B7 /* Debug */ = {
			isa = XCBuildConfiguration;
			buildSettings = {
				ALWAYS_SEARCH_USER_PATHS = NO;
				ARCHS = "$(ARCHS_STANDARD_32_BIT)";
				CLANG_ENABLE_OBJC_ARC = YES;
				CODE_SIGN_IDENTITY = "iPhone Developer";
				"CODE_SIGN_IDENTITY[sdk=iphoneos*]" = "iPhone Developer";
				COPY_PHASE_STRIP = NO;
				GCC_C_LANGUAGE_STANDARD = gnu99;
				GCC_DYNAMIC_NO_PIC = NO;
				GCC_OPTIMIZATION_LEVEL = 0;
				GCC_PREPROCESSOR_DEFINITIONS = (
					"DEBUG=1",
					"$(inherited)",
				);
				GCC_SYMBOLS_PRIVATE_EXTERN = NO;
				GCC_VERSION = com.apple.compilers.llvm.clang.1_0;
				GCC_WARN_ABOUT_MISSING_PROTOTYPES = YES;
				GCC_WARN_ABOUT_RETURN_TYPE = YES;
				GCC_WARN_UNUSED_VARIABLE = YES;
				IPHONEOS_DEPLOYMENT_TARGET = 5.0;
				ONLY_ACTIVE_ARCH = YES;
				PROVISIONING_PROFILE = "";
				SDKROOT = iphoneos5.0;
				TARGETED_DEVICE_FAMILY = 2;
			};
			name = Debug;
		};
		C310A8E915011447003BF6B7 /* Release */ = {
			isa = XCBuildConfiguration;
			buildSettings = {
				ALWAYS_SEARCH_USER_PATHS = NO;
				ARCHS = "$(ARCHS_STANDARD_32_BIT)";
				CLANG_ENABLE_OBJC_ARC = YES;
				CODE_SIGN_IDENTITY = "iPhone Developer";
				"CODE_SIGN_IDENTITY[sdk=iphoneos*]" = "iPhone Developer";
				COPY_PHASE_STRIP = YES;
				GCC_C_LANGUAGE_STANDARD = gnu99;
				GCC_VERSION = com.apple.compilers.llvm.clang.1_0;
				GCC_WARN_ABOUT_MISSING_PROTOTYPES = YES;
				GCC_WARN_ABOUT_RETURN_TYPE = YES;
				GCC_WARN_UNUSED_VARIABLE = YES;
				IPHONEOS_DEPLOYMENT_TARGET = 5.0;
				ONLY_ACTIVE_ARCH = YES;
				OTHER_CFLAGS = "-DNS_BLOCK_ASSERTIONS=1";
				PROVISIONING_PROFILE = "";
				SDKROOT = iphoneos5.0;
				TARGETED_DEVICE_FAMILY = 2;
				VALIDATE_PRODUCT = YES;
			};
			name = Release;
		};
		C310A8EB15011447003BF6B7 /* Debug */ = {
			isa = XCBuildConfiguration;
			buildSettings = {
				CODE_SIGN_IDENTITY = "iPhone Developer";
				GCC_PRECOMPILE_PREFIX_HEADER = YES;
				GCC_PREFIX_HEADER = "TechRadar/TechRadar-Prefix.pch";
				INFOPLIST_FILE = "TechRadar/TechRadar-Info.plist";
				PRODUCT_NAME = "$(TARGET_NAME)";
				PROVISIONING_PROFILE = "";
				SDKROOT = iphoneos5.0;
				WRAPPER_EXTENSION = app;
			};
			name = Debug;
		};
		C310A8EC15011447003BF6B7 /* Release */ = {
			isa = XCBuildConfiguration;
			buildSettings = {
				GCC_PRECOMPILE_PREFIX_HEADER = YES;
				GCC_PREFIX_HEADER = "TechRadar/TechRadar-Prefix.pch";
				INFOPLIST_FILE = "TechRadar/TechRadar-Info.plist";
				PRODUCT_NAME = "$(TARGET_NAME)";
				SDKROOT = iphoneos5.0;
				WRAPPER_EXTENSION = app;
			};
			name = Release;
		};
/* End XCBuildConfiguration section */

/* Begin XCConfigurationList section */
		C310A8C615011446003BF6B7 /* Build configuration list for PBXProject "TechRadar" */ = {
			isa = XCConfigurationList;
			buildConfigurations = (
				C310A8E815011447003BF6B7 /* Debug */,
				C310A8E915011447003BF6B7 /* Release */,
			);
			defaultConfigurationIsVisible = 0;
			defaultConfigurationName = Release;
		};
		C310A8EA15011447003BF6B7 /* Build configuration list for PBXNativeTarget "TechRadar" */ = {
			isa = XCConfigurationList;
			buildConfigurations = (
				C310A8EB15011447003BF6B7 /* Debug */,
				C310A8EC15011447003BF6B7 /* Release */,
			);
			defaultConfigurationIsVisible = 0;
			defaultConfigurationName = Release;
		};
/* End XCConfigurationList section */
	};
	rootObject = C310A8C315011446003BF6B7 /* Project object */;
}
